{
    "name": "sixteen",
    "version": "0.0.0",
    "lockfileVersion": 3,
    "requires": true,
    "packages": {
        "": {
            "name": "sixteen",
            "version": "0.0.0",
            "dependencies": {
                "@popperjs/core": "^2.11.8",
                "bootstrap-italia": "^2.16.0"
            },
